
Microsoft Visual Studio Solution File, Format Version 12.00
# Visual Studio Version 16
VisualStudioVersion = 16.0.30523.141
MinimumVisualStudioVersion = 10.0.40219.1
Project("{9A19103F-16F7-4668-BE54-9A1E7A4F7556}") = "RentalCars.Tests", "RentalCars.Tests\RentalCars.Tests.csproj", "{10C3D651-C85D-45FC-B8C2-449FF73A33DC}"
EndProject
Project("{9A19103F-16F7-4668-BE54-9A1E7A4F7556}") = "RentalCars.DAL", "RentalCars.DAL\RentalCars.DAL.csproj", "{092125D4-33CC-48AB-895E-9030673AC820}"
EndProject
Project("{9A19103F-16F7-4668-BE54-9A1E7A4F7556}") = "RentalCars.BLL", "RentalCars.BLL\RentalCars.BLL.csproj", "{E5C22E93-73B8-49E7-9A4C-00CFE7273768}"
EndProject
Project("{FAE04EC0-301F-11D3-BF4B-00C04F79EFBC}") = "RentalCars.Console", "RentalCars.Console\RentalCars.Console.csproj", "{F0A04C21-4619-4269-A39A-48AF1AF4D5D2}"
EndProject
Global
	GlobalSection(SolutionConfigurationPlatforms) = preSolution
		Debug|Any CPU = Debug|Any CPU
		Release|Any CPU = Release|Any CPU
	EndGlobalSection
	GlobalSection(ProjectConfigurationPlatforms) = postSolution
		{10C3D651-C85D-45FC-B8C2-449FF73A33DC}.Debug|Any CPU.ActiveCfg = Debug|Any CPU
		{10C3D651-C85D-45FC-B8C2-449FF73A33DC}.Debug|Any CPU.Build.0 = Debug|Any CPU
		{10C3D651-C85D-45FC-B8C2-449FF73A33DC}.Release|Any CPU.ActiveCfg = Release|Any CPU
		{10C3D651-C85D-45FC-B8C2-449FF73A33DC}.Release|Any CPU.Build.0 = Release|Any CPU
		{092125D4-33CC-48AB-895E-9030673AC820}.Debug|Any CPU.ActiveCfg = Debug|Any CPU
		{092125D4-33CC-48AB-895E-9030673AC820}.Debug|Any CPU.Build.0 = Debug|Any CPU
		{092125D4-33CC-48AB-895E-9030673AC820}.Release|Any CPU.ActiveCfg = Release|Any CPU
		{092125D4-33CC-48AB-895E-9030673AC820}.Release|Any CPU.Build.0 = Release|Any CPU
		{E5C22E93-73B8-49E7-9A4C-00CFE7273768}.Debug|Any CPU.ActiveCfg = Debug|Any CPU
		{E5C22E93-73B8-49E7-9A4C-00CFE7273768}.Debug|Any CPU.Build.0 = Debug|Any CPU
		{E5C22E93-73B8-49E7-9A4C-00CFE7273768}.Release|Any CPU.ActiveCfg = Release|Any CPU
		{E5C22E93-73B8-49E7-9A4C-00CFE7273768}.Release|Any CPU.Build.0 = Release|Any CPU
		{F0A04C21-4619-4269-A39A-48AF1AF4D5D2}.Debug|Any CPU.ActiveCfg = Debug|Any CPU
		{F0A04C21-4619-4269-A39A-48AF1AF4D5D2}.Debug|Any CPU.Build.0 = Debug|Any CPU
		{F0A04C21-4619-4269-A39A-48AF1AF4D5D2}.Release|Any CPU.ActiveCfg = Release|Any CPU
		{F0A04C21-4619-4269-A39A-48AF1AF4D5D2}.Release|Any CPU.Build.0 = Release|Any CPU
	EndGlobalSection
	GlobalSection(SolutionProperties) = preSolution
		HideSolutionNode = FALSE
	EndGlobalSection
	GlobalSection(ExtensibilityGlobals) = postSolution
		SolutionGuid = {1D6B2ACB-A88C-49FB-81C0-F0D5B0216C3E}
	EndGlobalSection
EndGlobal
